PODS:
  - BigInt (3.1.0):
    - SipHash (~> 1.2)
  - SipHash (1.2.2)
  - SwiftLint (0.30.1)
  - TrezorCrypto (0.0.9)

DEPENDENCIES:
  - BigInt (~> 3.0)
  - SwiftLint
  - TrezorCrypto

SPEC REPOS:
  https://github.com/cocoapods/specs.git:
    - BigInt
    - SipHash
    - SwiftLint
    - TrezorCrypto

SPEC CHECKSUMS:
  BigInt: 76b5dfdfa3e2e478d4ffdf161aeede5502e2742f
  SipHash: fad90a4683e420c52ef28063063dbbce248ea6d4
  SwiftLint: a54bf1fe12b55c68560eb2a7689dfc81458508f7
  TrezorCrypto: bfeea47a052dca2c77d4a39e1e183865e52de14d

PODFILE CHECKSUM: 8d44f78fbd3f51bf24b2bd1431c82445e4a4cd81

COCOAPODS: 1.5.3
